
Microsoft Visual Studio Solution File, Format Version 12.00
# Visual Studio Version 17
VisualStudioVersion = 17.14.36408.4 d17.14
MinimumVisualStudioVersion = 10.0.40219.1
Project("{FAE04EC0-301F-11D3-BF4B-00C04F79EFBC}") = "Projecto final FP(1)", "Projecto final FP(1)\Projecto final FP(1).csproj", "{16AB2F38-5A1C-4989-BCEA-D68D03A18495}"
EndProject
Global
	GlobalSection(SolutionConfigurationPlatforms) = preSolution
		Debug|Any CPU = Debug|Any CPU
		Release|Any CPU = Release|Any CPU
	EndGlobalSection
	GlobalSection(ProjectConfigurationPlatforms) = postSolution
		{16AB2F38-5A1C-4989-BCEA-D68D03A18495}.Debug|Any CPU.ActiveCfg = Debug|Any CPU
		{16AB2F38-5A1C-4989-BCEA-D68D03A18495}.Debug|Any CPU.Build.0 = Debug|Any CPU
		{16AB2F38-5A1C-4989-BCEA-D68D03A18495}.Release|Any CPU.ActiveCfg = Release|Any CPU
		{16AB2F38-5A1C-4989-BCEA-D68D03A18495}.Release|Any CPU.Build.0 = Release|Any CPU
	EndGlobalSection
	GlobalSection(SolutionProperties) = preSolution
		HideSolutionNode = FALSE
	EndGlobalSection
	GlobalSection(ExtensibilityGlobals) = postSolution
		SolutionGuid = {0CDC39AD-D663-4D84-BF9B-8BA69DA00110}
	EndGlobalSection
EndGlobal
